
Microsoft Visual Studio Solution File, Format Version 12.00
# Visual Studio Version 17
VisualStudioVersion = 17.1.32228.430
MinimumVisualStudioVersion = 10.0.40219.1
Project("{FAE04EC0-301F-11D3-BF4B-00C04F79EFBC}") = "TestProject", "TestProject\TestProject.csproj", "{924839D4-B978-4D13-AEB7-5565BDC57D9D}"
EndProject
Global
	GlobalSection(SolutionConfigurationPlatforms) = preSolution
		Debug|Any CPU = Debug|Any CPU
		Release|Any CPU = Release|Any CPU
	EndGlobalSection
	GlobalSection(ProjectConfigurationPlatforms) = postSolution
		{924839D4-B978-4D13-AEB7-5565BDC57D9D}.Debug|Any CPU.ActiveCfg = Debug|Any CPU
		{924839D4-B978-4D13-AEB7-5565BDC57D9D}.Debug|Any CPU.Build.0 = Debug|Any CPU
		{924839D4-B978-4D13-AEB7-5565BDC57D9D}.Release|Any CPU.ActiveCfg = Release|Any CPU
		{924839D4-B978-4D13-AEB7-5565BDC57D9D}.Release|Any CPU.Build.0 = Release|Any CPU
	EndGlobalSection
	GlobalSection(SolutionProperties) = preSolution
		HideSolutionNode = FALSE
	EndGlobalSection
	GlobalSection(ExtensibilityGlobals) = postSolution
		SolutionGuid = {1A7C8594-3185-43A9-8CE5-E95B86E1249A}
	EndGlobalSection
EndGlobal
